
Microsoft Visual Studio Solution File, Format Version 12.00
# Visual Studio Version 16
VisualStudioVersion = 16.0.29102.190
MinimumVisualStudioVersion = 10.0.40219.1
Project("{FAE04EC0-301F-11D3-BF4B-00C04F79EFBC}") = "TestGithub", "TestGithub\TestGithub.csproj", "{017D9EAA-334E-45ED-B1BC-9B6987E154EC}"
EndProject
Global
	GlobalSection(SolutionConfigurationPlatforms) = preSolution
		Debug|Any CPU = Debug|Any CPU
		Release|Any CPU = Release|Any CPU
	EndGlobalSection
	GlobalSection(ProjectConfigurationPlatforms) = postSolution
		{017D9EAA-334E-45ED-B1BC-9B6987E154EC}.Debug|Any CPU.ActiveCfg = Debug|Any CPU
		{017D9EAA-334E-45ED-B1BC-9B6987E154EC}.Debug|Any CPU.Build.0 = Debug|Any CPU
		{017D9EAA-334E-45ED-B1BC-9B6987E154EC}.Release|Any CPU.ActiveCfg = Release|Any CPU
		{017D9EAA-334E-45ED-B1BC-9B6987E154EC}.Release|Any CPU.Build.0 = Release|Any CPU
	EndGlobalSection
	GlobalSection(SolutionProperties) = preSolution
		HideSolutionNode = FALSE
	EndGlobalSection
	GlobalSection(ExtensibilityGlobals) = postSolution
		SolutionGuid = {AFEBA8CF-C994-487E-B2A4-43C3A28F2BCF}
	EndGlobalSection
EndGlobal
